
Microsoft Visual Studio Solution File, Format Version 12.00
# Visual Studio Version 17
VisualStudioVersion = 17.8.34330.188
MinimumVisualStudioVersion = 10.0.40219.1
Project("{FAE04EC0-301F-11D3-BF4B-00C04F79EFBC}") = "MiPrimerAplicacion", "MiPrimerAplicacion\MiPrimerAplicacion.csproj", "{93FFB09D-63C2-4DC9-BD13-834A9BE4A66C}"
EndProject
Global
	GlobalSection(SolutionConfigurationPlatforms) = preSolution
		Debug|Any CPU = Debug|Any CPU
		Release|Any CPU = Release|Any CPU
	EndGlobalSection
	GlobalSection(ProjectConfigurationPlatforms) = postSolution
		{93FFB09D-63C2-4DC9-BD13-834A9BE4A66C}.Debug|Any CPU.ActiveCfg = Debug|Any CPU
		{93FFB09D-63C2-4DC9-BD13-834A9BE4A66C}.Debug|Any CPU.Build.0 = Debug|Any CPU
		{93FFB09D-63C2-4DC9-BD13-834A9BE4A66C}.Release|Any CPU.ActiveCfg = Release|Any CPU
		{93FFB09D-63C2-4DC9-BD13-834A9BE4A66C}.Release|Any CPU.Build.0 = Release|Any CPU
	EndGlobalSection
	GlobalSection(SolutionProperties) = preSolution
		HideSolutionNode = FALSE
	EndGlobalSection
	GlobalSection(ExtensibilityGlobals) = postSolution
		SolutionGuid = {D9FD58D9-1DC3-4A74-B3EF-1A5F1911C377}
	EndGlobalSection
EndGlobal
